
Microsoft Visual Studio Solution File, Format Version 12.00
# Visual Studio Version 16
VisualStudioVersion = 16.0.30128.74
MinimumVisualStudioVersion = 10.0.40219.1
Project("{FAE04EC0-301F-11D3-BF4B-00C04F79EFBC}") = "Fibonacci", "Fibonacci\Fibonacci.csproj", "{63C7F2FF-0FDD-4D3A-A6D4-B4C6DCD35509}"
EndProject
Global
	GlobalSection(SolutionConfigurationPlatforms) = preSolution
		Debug|Any CPU = Debug|Any CPU
		Release|Any CPU = Release|Any CPU
	EndGlobalSection
	GlobalSection(ProjectConfigurationPlatforms) = postSolution
		{63C7F2FF-0FDD-4D3A-A6D4-B4C6DCD35509}.Debug|Any CPU.ActiveCfg = Debug|Any CPU
		{63C7F2FF-0FDD-4D3A-A6D4-B4C6DCD35509}.Debug|Any CPU.Build.0 = Debug|Any CPU
		{63C7F2FF-0FDD-4D3A-A6D4-B4C6DCD35509}.Release|Any CPU.ActiveCfg = Release|Any CPU
		{63C7F2FF-0FDD-4D3A-A6D4-B4C6DCD35509}.Release|Any CPU.Build.0 = Release|Any CPU
	EndGlobalSection
	GlobalSection(SolutionProperties) = preSolution
		HideSolutionNode = FALSE
	EndGlobalSection
	GlobalSection(ExtensibilityGlobals) = postSolution
		SolutionGuid = {7B5B5F15-C3BC-45E0-8AA8-3FE3EAA2A014}
	EndGlobalSection
EndGlobal
