
Microsoft Visual Studio Solution File, Format Version 12.00
# Visual Studio Version 16
VisualStudioVersion = 16.0.30128.74
MinimumVisualStudioVersion = 10.0.40219.1
Project("{FAE04EC0-301F-11D3-BF4B-00C04F79EFBC}") = "MockExam", "MockExam\MockExam.csproj", "{3098D586-3FD9-4C08-8372-008153C131F0}"
EndProject
Global
	GlobalSection(SolutionConfigurationPlatforms) = preSolution
		Debug|Any CPU = Debug|Any CPU
		Release|Any CPU = Release|Any CPU
	EndGlobalSection
	GlobalSection(ProjectConfigurationPlatforms) = postSolution
		{3098D586-3FD9-4C08-8372-008153C131F0}.Debug|Any CPU.ActiveCfg = Debug|Any CPU
		{3098D586-3FD9-4C08-8372-008153C131F0}.Debug|Any CPU.Build.0 = Debug|Any CPU
		{3098D586-3FD9-4C08-8372-008153C131F0}.Release|Any CPU.ActiveCfg = Release|Any CPU
		{3098D586-3FD9-4C08-8372-008153C131F0}.Release|Any CPU.Build.0 = Release|Any CPU
	EndGlobalSection
	GlobalSection(SolutionProperties) = preSolution
		HideSolutionNode = FALSE
	EndGlobalSection
	GlobalSection(ExtensibilityGlobals) = postSolution
		SolutionGuid = {E1D30C5B-F088-43A0-BDE8-824C9107099B}
	EndGlobalSection
EndGlobal
